
Microsoft Visual Studio Solution File, Format Version 12.00
# Visual Studio Version 16
VisualStudioVersion = 16.0.30804.86
MinimumVisualStudioVersion = 10.0.40219.1
Project("{FAE04EC0-301F-11D3-BF4B-00C04F79EFBC}") = "Mocker", "Mocker\Mocker.csproj", "{9D9B2497-26D9-4213-A6CA-C0C1D7AAA3A9}"
EndProject
Project("{FAE04EC0-301F-11D3-BF4B-00C04F79EFBC}") = "MockLogic", "MockLogic\MockLogic.csproj", "{068D161C-CAA5-47A9-85FB-9F79AD965A6C}"
EndProject
Project("{FAE04EC0-301F-11D3-BF4B-00C04F79EFBC}") = "DBLib", "DBLib\DBLib.csproj", "{9933298B-4C47-4C2D-A768-2DEC4590C8AB}"
EndProject
Global
	GlobalSection(SolutionConfigurationPlatforms) = preSolution
		Debug|Any CPU = Debug|Any CPU
		Release|Any CPU = Release|Any CPU
	EndGlobalSection
	GlobalSection(ProjectConfigurationPlatforms) = postSolution
		{9D9B2497-26D9-4213-A6CA-C0C1D7AAA3A9}.Debug|Any CPU.ActiveCfg = Debug|Any CPU
		{9D9B2497-26D9-4213-A6CA-C0C1D7AAA3A9}.Debug|Any CPU.Build.0 = Debug|Any CPU
		{9D9B2497-26D9-4213-A6CA-C0C1D7AAA3A9}.Release|Any CPU.ActiveCfg = Release|Any CPU
		{9D9B2497-26D9-4213-A6CA-C0C1D7AAA3A9}.Release|Any CPU.Build.0 = Release|Any CPU
		{068D161C-CAA5-47A9-85FB-9F79AD965A6C}.Debug|Any CPU.ActiveCfg = Debug|Any CPU
		{068D161C-CAA5-47A9-85FB-9F79AD965A6C}.Debug|Any CPU.Build.0 = Debug|Any CPU
		{068D161C-CAA5-47A9-85FB-9F79AD965A6C}.Release|Any CPU.ActiveCfg = Release|Any CPU
		{068D161C-CAA5-47A9-85FB-9F79AD965A6C}.Release|Any CPU.Build.0 = Release|Any CPU
		{9933298B-4C47-4C2D-A768-2DEC4590C8AB}.Debug|Any CPU.ActiveCfg = Debug|Any CPU
		{9933298B-4C47-4C2D-A768-2DEC4590C8AB}.Debug|Any CPU.Build.0 = Debug|Any CPU
		{9933298B-4C47-4C2D-A768-2DEC4590C8AB}.Release|Any CPU.ActiveCfg = Release|Any CPU
		{9933298B-4C47-4C2D-A768-2DEC4590C8AB}.Release|Any CPU.Build.0 = Release|Any CPU
	EndGlobalSection
	GlobalSection(SolutionProperties) = preSolution
		HideSolutionNode = FALSE
	EndGlobalSection
	GlobalSection(ExtensibilityGlobals) = postSolution
		SolutionGuid = {6E4B74BE-17F5-48DC-96A9-0D7DBB75189C}
	EndGlobalSection
EndGlobal
